
Microsoft Visual Studio Solution File, Format Version 12.00
# Visual Studio Version 17
VisualStudioVersion = 17.0.31903.59
MinimumVisualStudioVersion = 10.0.40219.1
Project("{FAE04EC0-301F-11D3-BF4B-00C04F79EFBC}") = "MindboxTestTask", "MindboxTestTask\MindboxTestTask.csproj", "{3AD195F6-07C1-4F12-9E2D-0E05DF0E467F}"
EndProject
Project("{FAE04EC0-301F-11D3-BF4B-00C04F79EFBC}") = "ShapesOfThings", "ShapesOfThings\ShapesOfThings.csproj", "{C3D03399-4AD2-4D95-875E-599AE82F6BA1}"
EndProject
Global
	GlobalSection(SolutionConfigurationPlatforms) = preSolution
		Debug|Any CPU = Debug|Any CPU
		Release|Any CPU = Release|Any CPU
	EndGlobalSection
	GlobalSection(SolutionProperties) = preSolution
		HideSolutionNode = FALSE
	EndGlobalSection
	GlobalSection(ProjectConfigurationPlatforms) = postSolution
		{3AD195F6-07C1-4F12-9E2D-0E05DF0E467F}.Debug|Any CPU.ActiveCfg = Debug|Any CPU
		{3AD195F6-07C1-4F12-9E2D-0E05DF0E467F}.Debug|Any CPU.Build.0 = Debug|Any CPU
		{3AD195F6-07C1-4F12-9E2D-0E05DF0E467F}.Release|Any CPU.ActiveCfg = Release|Any CPU
		{3AD195F6-07C1-4F12-9E2D-0E05DF0E467F}.Release|Any CPU.Build.0 = Release|Any CPU
		{C3D03399-4AD2-4D95-875E-599AE82F6BA1}.Debug|Any CPU.ActiveCfg = Debug|Any CPU
		{C3D03399-4AD2-4D95-875E-599AE82F6BA1}.Debug|Any CPU.Build.0 = Debug|Any CPU
		{C3D03399-4AD2-4D95-875E-599AE82F6BA1}.Release|Any CPU.ActiveCfg = Release|Any CPU
		{C3D03399-4AD2-4D95-875E-599AE82F6BA1}.Release|Any CPU.Build.0 = Release|Any CPU
	EndGlobalSection
EndGlobal
