
Microsoft Visual Studio Solution File, Format Version 12.00
# Visual Studio Version 17
VisualStudioVersion = 17.5.001.0
MinimumVisualStudioVersion = 10.0.40219.1
Project("{9A19103F-16F7-4668-BE54-9A1E7A4F7556}") = "ShapeCalculator", "ShapeCalculator\ShapeCalculator.csproj", "{F7D0EB80-F395-40D5-92AA-2A0550D8C046}"
EndProject
Project("{9A19103F-16F7-4668-BE54-9A1E7A4F7556}") = "ShapeCalculatorUnitTests", "ShapeCalculatorUnitTests\ShapeCalculatorUnitTests.csproj", "{3522D098-DCDC-4657-9D39-42C2474CCAC0}"
EndProject
Project("{9A19103F-16F7-4668-BE54-9A1E7A4F7556}") = "ShapeCalculatorLibrary", "ShapeCalculatorLibrary\ShapeCalculatorLibrary.csproj", "{920B1943-79DA-4CD8-A271-33B9A43B69B3}"
EndProject
Global
	GlobalSection(SolutionConfigurationPlatforms) = preSolution
		Debug|Any CPU = Debug|Any CPU
		Release|Any CPU = Release|Any CPU
	EndGlobalSection
	GlobalSection(ProjectConfigurationPlatforms) = postSolution
		{F7D0EB80-F395-40D5-92AA-2A0550D8C046}.Debug|Any CPU.ActiveCfg = Debug|Any CPU
		{F7D0EB80-F395-40D5-92AA-2A0550D8C046}.Debug|Any CPU.Build.0 = Debug|Any CPU
		{F7D0EB80-F395-40D5-92AA-2A0550D8C046}.Release|Any CPU.ActiveCfg = Release|Any CPU
		{F7D0EB80-F395-40D5-92AA-2A0550D8C046}.Release|Any CPU.Build.0 = Release|Any CPU
		{3522D098-DCDC-4657-9D39-42C2474CCAC0}.Debug|Any CPU.ActiveCfg = Debug|Any CPU
		{3522D098-DCDC-4657-9D39-42C2474CCAC0}.Debug|Any CPU.Build.0 = Debug|Any CPU
		{3522D098-DCDC-4657-9D39-42C2474CCAC0}.Release|Any CPU.ActiveCfg = Release|Any CPU
		{3522D098-DCDC-4657-9D39-42C2474CCAC0}.Release|Any CPU.Build.0 = Release|Any CPU
		{920B1943-79DA-4CD8-A271-33B9A43B69B3}.Debug|Any CPU.ActiveCfg = Debug|Any CPU
		{920B1943-79DA-4CD8-A271-33B9A43B69B3}.Debug|Any CPU.Build.0 = Debug|Any CPU
		{920B1943-79DA-4CD8-A271-33B9A43B69B3}.Release|Any CPU.ActiveCfg = Release|Any CPU
		{920B1943-79DA-4CD8-A271-33B9A43B69B3}.Release|Any CPU.Build.0 = Release|Any CPU
	EndGlobalSection
	GlobalSection(SolutionProperties) = preSolution
		HideSolutionNode = FALSE
	EndGlobalSection
	GlobalSection(ExtensibilityGlobals) = postSolution
		SolutionGuid = {4997FBF9-9CA7-4BEB-872A-75F792C74C2C}
	EndGlobalSection
EndGlobal
